
Microsoft Visual Studio Solution File, Format Version 12.00
# Visual Studio Version 17
VisualStudioVersion = 17.14.36414.22 d17.14
MinimumVisualStudioVersion = 10.0.40219.1
Project("{FAE04EC0-301F-11D3-BF4B-00C04F79EFBC}") = "SistemaUsuarios", "SistemaUsuarios\SistemaUsuarios.csproj", "{B6E8AF2C-2E9F-4CBE-AD16-F74720A16C20}"
EndProject
Global
	GlobalSection(SolutionConfigurationPlatforms) = preSolution
		Debug|Any CPU = Debug|Any CPU
		Release|Any CPU = Release|Any CPU
	EndGlobalSection
	GlobalSection(ProjectConfigurationPlatforms) = postSolution
		{B6E8AF2C-2E9F-4CBE-AD16-F74720A16C20}.Debug|Any CPU.ActiveCfg = Debug|Any CPU
		{B6E8AF2C-2E9F-4CBE-AD16-F74720A16C20}.Debug|Any CPU.Build.0 = Debug|Any CPU
		{B6E8AF2C-2E9F-4CBE-AD16-F74720A16C20}.Release|Any CPU.ActiveCfg = Release|Any CPU
		{B6E8AF2C-2E9F-4CBE-AD16-F74720A16C20}.Release|Any CPU.Build.0 = Release|Any CPU
	EndGlobalSection
	GlobalSection(SolutionProperties) = preSolution
		HideSolutionNode = FALSE
	EndGlobalSection
	GlobalSection(ExtensibilityGlobals) = postSolution
		SolutionGuid = {FB69E230-2307-4357-A5D9-8F118C44E096}
	EndGlobalSection
EndGlobal
